
Microsoft Visual Studio Solution File, Format Version 12.00
# Visual Studio Version 16
VisualStudioVersion = 16.0.29728.190
MinimumVisualStudioVersion = 10.0.40219.1
Project("{FAE04EC0-301F-11D3-BF4B-00C04F79EFBC}") = "FifthCharacter.UWP", "FifthCharacter\FifthCharacter.UWP\FifthCharacter.UWP.csproj", "{057EB137-3099-40EA-BAEB-DFF19619A165}"
EndProject
Project("{FAE04EC0-301F-11D3-BF4B-00C04F79EFBC}") = "FifthCharacter.Android", "FifthCharacter\FifthCharacter.Android\FifthCharacter.Android.csproj", "{209B9C1E-4540-4CE8-A1CF-C0BB61C68EB9}"
EndProject
Project("{FAE04EC0-301F-11D3-BF4B-00C04F79EFBC}") = "FifthCharacter.iOS", "FifthCharacter\FifthCharacter.iOS\FifthCharacter.iOS.csproj", "{2774969E-1798-4A5A-8EB9-71AB031EED48}"
EndProject
Project("{9A19103F-16F7-4668-BE54-9A1E7A4F7556}") = "FifthCharacter", "FifthCharacter\FifthCharacter\FifthCharacter.csproj", "{F35153F6-3B92-4AF4-8D3B-284AEA710615}"
EndProject
Project("{FAE04EC0-301F-11D3-BF4B-00C04F79EFBC}") = "FifthCharacter.GTK", "FifthCharacter.GTK\FifthCharacter.GTK.csproj", "{12A004C5-12B3-4A5C-A3B9-1A3398B1C2ED}"
EndProject
Project("{FAE04EC0-301F-11D3-BF4B-00C04F79EFBC}") = "FifthCharacter.MacOS", "FifthCharacter.MacOS\FifthCharacter.MacOS.csproj", "{E58BE648-F9A3-4692-8741-E7247AA6384B}"
EndProject
Project("{9A19103F-16F7-4668-BE54-9A1E7A4F7556}") = "FifthCharacter.Plugin", "FifthCharacter.Plugin\FifthCharacter.Plugin.csproj", "{36DD2AF0-B61F-4280-ABC1-76DA29B015B4}"
EndProject
Project("{9A19103F-16F7-4668-BE54-9A1E7A4F7556}") = "WotC.FifthEd.SRD", "WotC.FifthEd.SRD\WotC.FifthEd.SRD.csproj", "{10CDF741-66B1-4489-938C-57EFFE3D80B0}"
EndProject
Global
	GlobalSection(SolutionConfigurationPlatforms) = preSolution
		Debug|Any CPU = Debug|Any CPU
		Debug|ARM = Debug|ARM
		Debug|ARM64 = Debug|ARM64
		Debug|iPhone = Debug|iPhone
		Debug|iPhoneSimulator = Debug|iPhoneSimulator
		Debug|x64 = Debug|x64
		Debug|x86 = Debug|x86
		Release|Any CPU = Release|Any CPU
		Release|ARM = Release|ARM
		Release|ARM64 = Release|ARM64
		Release|iPhone = Release|iPhone
		Release|iPhoneSimulator = Release|iPhoneSimulator
		Release|x64 = Release|x64
		Release|x86 = Release|x86
	EndGlobalSection
	GlobalSection(ProjectConfigurationPlatforms) = postSolution
		{057EB137-3099-40EA-BAEB-DFF19619A165}.Debug|Any CPU.ActiveCfg = Debug|x86
		{057EB137-3099-40EA-BAEB-DFF19619A165}.Debug|Any CPU.Build.0 = Debug|x86
		{057EB137-3099-40EA-BAEB-DFF19619A165}.Debug|Any CPU.Deploy.0 = Debug|x86
		{057EB137-3099-40EA-BAEB-DFF19619A165}.Debug|ARM.ActiveCfg = Debug|ARM
		{057EB137-3099-40EA-BAEB-DFF19619A165}.Debug|ARM.Build.0 = Debug|ARM
		{057EB137-3099-40EA-BAEB-DFF19619A165}.Debug|ARM.Deploy.0 = Debug|ARM
		{057EB137-3099-40EA-BAEB-DFF19619A165}.Debug|ARM64.ActiveCfg = Debug|ARM64
		{057EB137-3099-40EA-BAEB-DFF19619A165}.Debug|ARM64.Build.0 = Debug|ARM64
		{057EB137-3099-40EA-BAEB-DFF19619A165}.Debug|ARM64.Deploy.0 = Debug|ARM64
		{057EB137-3099-40EA-BAEB-DFF19619A165}.Debug|iPhone.ActiveCfg = Debug|x86
		{057EB137-3099-40EA-BAEB-DFF19619A165}.Debug|iPhone.Build.0 = Debug|x86
		{057EB137-3099-40EA-BAEB-DFF19619A165}.Debug|iPhone.Deploy.0 = Debug|x86
		{057EB137-3099-40EA-BAEB-DFF19619A165}.Debug|iPhoneSimulator.ActiveCfg = Debug|x86
		{057EB137-3099-40EA-BAEB-DFF19619A165}.Debug|iPhoneSimulator.Build.0 = Debug|x86
		{057EB137-3099-40EA-BAEB-DFF19619A165}.Debug|iPhoneSimulator.Deploy.0 = Debug|x86
		{057EB137-3099-40EA-BAEB-DFF19619A165}.Debug|x64.ActiveCfg = Debug|x64
		{057EB137-3099-40EA-BAEB-DFF19619A165}.Debug|x64.Build.0 = Debug|x64
		{057EB137-3099-40EA-BAEB-DFF19619A165}.Debug|x64.Deploy.0 = Debug|x64
		{057EB137-3099-40EA-BAEB-DFF19619A165}.Debug|x86.ActiveCfg = Debug|x86
		{057EB137-3099-40EA-BAEB-DFF19619A165}.Debug|x86.Build.0 = Debug|x86
		{057EB137-3099-40EA-BAEB-DFF19619A165}.Debug|x86.Deploy.0 = Debug|x86
		{057EB137-3099-40EA-BAEB-DFF19619A165}.Release|Any CPU.ActiveCfg = Release|x86
		{057EB137-3099-40EA-BAEB-DFF19619A165}.Release|Any CPU.Build.0 = Release|x86
		{057EB137-3099-40EA-BAEB-DFF19619A165}.Release|Any CPU.Deploy.0 = Release|x86
		{057EB137-3099-40EA-BAEB-DFF19619A165}.Release|ARM.ActiveCfg = Release|ARM
		{057EB137-3099-40EA-BAEB-DFF19619A165}.Release|ARM.Build.0 = Release|ARM
		{057EB137-3099-40EA-BAEB-DFF19619A165}.Release|ARM.Deploy.0 = Release|ARM
		{057EB137-3099-40EA-BAEB-DFF19619A165}.Release|ARM64.ActiveCfg = Release|ARM64
		{057EB137-3099-40EA-BAEB-DFF19619A165}.Release|ARM64.Build.0 = Release|ARM64
		{057EB137-3099-40EA-BAEB-DFF19619A165}.Release|ARM64.Deploy.0 = Release|ARM64
		{057EB137-3099-40EA-BAEB-DFF19619A165}.Release|iPhone.ActiveCfg = Release|x86
		{057EB137-3099-40EA-BAEB-DFF19619A165}.Release|iPhone.Build.0 = Release|x86
		{057EB137-3099-40EA-BAEB-DFF19619A165}.Release|iPhone.Deploy.0 = Release|x86
		{057EB137-3099-40EA-BAEB-DFF19619A165}.Release|iPhoneSimulator.ActiveCfg = Release|x86
		{057EB137-3099-40EA-BAEB-DFF19619A165}.Release|iPhoneSimulator.Build.0 = Release|x86
		{057EB137-3099-40EA-BAEB-DFF19619A165}.Release|iPhoneSimulator.Deploy.0 = Release|x86
		{057EB137-3099-40EA-BAEB-DFF19619A165}.Release|x64.ActiveCfg = Release|x64
		{057EB137-3099-40EA-BAEB-DFF19619A165}.Release|x64.Build.0 = Release|x64
		{057EB137-3099-40EA-BAEB-DFF19619A165}.Release|x64.Deploy.0 = Release|x64
		{057EB137-3099-40EA-BAEB-DFF19619A165}.Release|x86.ActiveCfg = Release|x86
		{057EB137-3099-40EA-BAEB-DFF19619A165}.Release|x86.Build.0 = Release|x86
		{057EB137-3099-40EA-BAEB-DFF19619A165}.Release|x86.Deploy.0 = Release|x86
		{209B9C1E-4540-4CE8-A1CF-C0BB61C68EB9}.Debug|Any CPU.ActiveCfg = Debug|Any CPU
		{209B9C1E-4540-4CE8-A1CF-C0BB61C68EB9}.Debug|Any CPU.Build.0 = Debug|Any CPU
		{209B9C1E-4540-4CE8-A1CF-C0BB61C68EB9}.Debug|Any CPU.Deploy.0 = Debug|Any CPU
		{209B9C1E-4540-4CE8-A1CF-C0BB61C68EB9}.Debug|ARM.ActiveCfg = Debug|Any CPU
		{209B9C1E-4540-4CE8-A1CF-C0BB61C68EB9}.Debug|ARM.Build.0 = Debug|Any CPU
		{209B9C1E-4540-4CE8-A1CF-C0BB61C68EB9}.Debug|ARM.Deploy.0 = Debug|Any CPU
		{209B9C1E-4540-4CE8-A1CF-C0BB61C68EB9}.Debug|ARM64.ActiveCfg = Debug|Any CPU
		{209B9C1E-4540-4CE8-A1CF-C0BB61C68EB9}.Debug|ARM64.Build.0 = Debug|Any CPU
		{209B9C1E-4540-4CE8-A1CF-C0BB61C68EB9}.Debug|ARM64.Deploy.0 = Debug|Any CPU
		{209B9C1E-4540-4CE8-A1CF-C0BB61C68EB9}.Debug|iPhone.ActiveCfg = Debug|Any CPU
		{209B9C1E-4540-4CE8-A1CF-C0BB61C68EB9}.Debug|iPhone.Build.0 = Debug|Any CPU
		{209B9C1E-4540-4CE8-A1CF-C0BB61C68EB9}.Debug|iPhone.Deploy.0 = Debug|Any CPU
		{209B9C1E-4540-4CE8-A1CF-C0BB61C68EB9}.Debug|iPhoneSimulator.ActiveCfg = Debug|Any CPU
		{209B9C1E-4540-4CE8-A1CF-C0BB61C68EB9}.Debug|iPhoneSimulator.Build.0 = Debug|Any CPU
		{209B9C1E-4540-4CE8-A1CF-C0BB61C68EB9}.Debug|iPhoneSimulator.Deploy.0 = Debug|Any CPU
		{209B9C1E-4540-4CE8-A1CF-C0BB61C68EB9}.Debug|x64.ActiveCfg = Debug|Any CPU
		{209B9C1E-4540-4CE8-A1CF-C0BB61C68EB9}.Debug|x64.Build.0 = Debug|Any CPU
		{209B9C1E-4540-4CE8-A1CF-C0BB61C68EB9}.Debug|x64.Deploy.0 = Debug|Any CPU
		{209B9C1E-4540-4CE8-A1CF-C0BB61C68EB9}.Debug|x86.ActiveCfg = Debug|Any CPU
		{209B9C1E-4540-4CE8-A1CF-C0BB61C68EB9}.Debug|x86.Build.0 = Debug|Any CPU
		{209B9C1E-4540-4CE8-A1CF-C0BB61C68EB9}.Debug|x86.Deploy.0 = Debug|Any CPU
		{209B9C1E-4540-4CE8-A1CF-C0BB61C68EB9}.Release|Any CPU.ActiveCfg = Release|Any CPU
		{209B9C1E-4540-4CE8-A1CF-C0BB61C68EB9}.Release|Any CPU.Build.0 = Release|Any CPU
		{209B9C1E-4540-4CE8-A1CF-C0BB61C68EB9}.Release|Any CPU.Deploy.0 = Release|Any CPU
		{209B9C1E-4540-4CE8-A1CF-C0BB61C68EB9}.Release|ARM.ActiveCfg = Release|Any CPU
		{209B9C1E-4540-4CE8-A1CF-C0BB61C68EB9}.Release|ARM.Build.0 = Release|Any CPU
		{209B9C1E-4540-4CE8-A1CF-C0BB61C68EB9}.Release|ARM.Deploy.0 = Release|Any CPU
		{209B9C1E-4540-4CE8-A1CF-C0BB61C68EB9}.Release|ARM64.ActiveCfg = Release|Any CPU
		{209B9C1E-4540-4CE8-A1CF-C0BB61C68EB9}.Release|ARM64.Build.0 = Release|Any CPU
		{209B9C1E-4540-4CE8-A1CF-C0BB61C68EB9}.Release|ARM64.Deploy.0 = Release|Any CPU
		{209B9C1E-4540-4CE8-A1CF-C0BB61C68EB9}.Release|iPhone.ActiveCfg = Release|Any CPU
		{209B9C1E-4540-4CE8-A1CF-C0BB61C68EB9}.Release|iPhone.Build.0 = Release|Any CPU
		{209B9C1E-4540-4CE8-A1CF-C0BB61C68EB9}.Release|iPhone.Deploy.0 = Release|Any CPU
		{209B9C1E-4540-4CE8-A1CF-C0BB61C68EB9}.Release|iPhoneSimulator.ActiveCfg = Release|Any CPU
		{209B9C1E-4540-4CE8-A1CF-C0BB61C68EB9}.Release|iPhoneSimulator.Build.0 = Release|Any CPU
		{209B9C1E-4540-4CE8-A1CF-C0BB61C68EB9}.Release|iPhoneSimulator.Deploy.0 = Release|Any CPU
		{209B9C1E-4540-4CE8-A1CF-C0BB61C68EB9}.Release|x64.ActiveCfg = Release|Any CPU
		{209B9C1E-4540-4CE8-A1CF-C0BB61C68EB9}.Release|x64.Build.0 = Release|Any CPU
		{209B9C1E-4540-4CE8-A1CF-C0BB61C68EB9}.Release|x64.Deploy.0 = Release|Any CPU
		{209B9C1E-4540-4CE8-A1CF-C0BB61C68EB9}.Release|x86.ActiveCfg = Release|Any CPU
		{209B9C1E-4540-4CE8-A1CF-C0BB61C68EB9}.Release|x86.Build.0 = Release|Any CPU
		{209B9C1E-4540-4CE8-A1CF-C0BB61C68EB9}.Release|x86.Deploy.0 = Release|Any CPU
		{2774969E-1798-4A5A-8EB9-71AB031EED48}.Debug|Any CPU.ActiveCfg = Debug|iPhone
		{2774969E-1798-4A5A-8EB9-71AB031EED48}.Debug|Any CPU.Build.0 = Debug|iPhone
		{2774969E-1798-4A5A-8EB9-71AB031EED48}.Debug|Any CPU.Deploy.0 = Debug|iPhone
		{2774969E-1798-4A5A-8EB9-71AB031EED48}.Debug|ARM.ActiveCfg = Debug|iPhone
		{2774969E-1798-4A5A-8EB9-71AB031EED48}.Debug|ARM.Build.0 = Debug|iPhone
		{2774969E-1798-4A5A-8EB9-71AB031EED48}.Debug|ARM.Deploy.0 = Debug|iPhone
		{2774969E-1798-4A5A-8EB9-71AB031EED48}.Debug|ARM64.ActiveCfg = Debug|iPhone
		{2774969E-1798-4A5A-8EB9-71AB031EED48}.Debug|ARM64.Build.0 = Debug|iPhone
		{2774969E-1798-4A5A-8EB9-71AB031EED48}.Debug|iPhone.ActiveCfg = Debug|iPhone
		{2774969E-1798-4A5A-8EB9-71AB031EED48}.Debug|iPhone.Build.0 = Debug|iPhone
		{2774969E-1798-4A5A-8EB9-71AB031EED48}.Debug|iPhone.Deploy.0 = Debug|iPhone
		{2774969E-1798-4A5A-8EB9-71AB031EED48}.Debug|iPhoneSimulator.ActiveCfg = Debug|iPhoneSimulator
		{2774969E-1798-4A5A-8EB9-71AB031EED48}.Debug|iPhoneSimulator.Build.0 = Debug|iPhoneSimulator
		{2774969E-1798-4A5A-8EB9-71AB031EED48}.Debug|iPhoneSimulator.Deploy.0 = Debug|iPhoneSimulator
		{2774969E-1798-4A5A-8EB9-71AB031EED48}.Debug|x64.ActiveCfg = Debug|iPhone
		{2774969E-1798-4A5A-8EB9-71AB031EED48}.Debug|x64.Build.0 = Debug|iPhone
		{2774969E-1798-4A5A-8EB9-71AB031EED48}.Debug|x64.Deploy.0 = Debug|iPhone
		{2774969E-1798-4A5A-8EB9-71AB031EED48}.Debug|x86.ActiveCfg = Debug|iPhone
		{2774969E-1798-4A5A-8EB9-71AB031EED48}.Debug|x86.Build.0 = Debug|iPhone
		{2774969E-1798-4A5A-8EB9-71AB031EED48}.Debug|x86.Deploy.0 = Debug|iPhone
		{2774969E-1798-4A5A-8EB9-71AB031EED48}.Release|Any CPU.ActiveCfg = Release|iPhone
		{2774969E-1798-4A5A-8EB9-71AB031EED48}.Release|Any CPU.Build.0 = Release|iPhone
		{2774969E-1798-4A5A-8EB9-71AB031EED48}.Release|Any CPU.Deploy.0 = Release|iPhone
		{2774969E-1798-4A5A-8EB9-71AB031EED48}.Release|ARM.ActiveCfg = Release|iPhone
		{2774969E-1798-4A5A-8EB9-71AB031EED48}.Release|ARM.Build.0 = Release|iPhone
		{2774969E-1798-4A5A-8EB9-71AB031EED48}.Release|ARM.Deploy.0 = Release|iPhone
		{2774969E-1798-4A5A-8EB9-71AB031EED48}.Release|ARM64.ActiveCfg = Release|iPhoneSimulator
		{2774969E-1798-4A5A-8EB9-71AB031EED48}.Release|iPhone.ActiveCfg = Release|iPhone
		{2774969E-1798-4A5A-8EB9-71AB031EED48}.Release|iPhone.Build.0 = Release|iPhone
		{2774969E-1798-4A5A-8EB9-71AB031EED48}.Release|iPhone.Deploy.0 = Release|iPhone
		{2774969E-1798-4A5A-8EB9-71AB031EED48}.Release|iPhoneSimulator.ActiveCfg = Release|iPhoneSimulator
		{2774969E-1798-4A5A-8EB9-71AB031EED48}.Release|iPhoneSimulator.Build.0 = Release|iPhoneSimulator
		{2774969E-1798-4A5A-8EB9-71AB031EED48}.Release|iPhoneSimulator.Deploy.0 = Release|iPhoneSimulator
		{2774969E-1798-4A5A-8EB9-71AB031EED48}.Release|x64.ActiveCfg = Release|iPhone
		{2774969E-1798-4A5A-8EB9-71AB031EED48}.Release|x64.Build.0 = Release|iPhone
		{2774969E-1798-4A5A-8EB9-71AB031EED48}.Release|x64.Deploy.0 = Release|iPhone
		{2774969E-1798-4A5A-8EB9-71AB031EED48}.Release|x86.ActiveCfg = Release|iPhone
		{2774969E-1798-4A5A-8EB9-71AB031EED48}.Release|x86.Build.0 = Release|iPhone
		{2774969E-1798-4A5A-8EB9-71AB031EED48}.Release|x86.Deploy.0 = Release|iPhone
		{F35153F6-3B92-4AF4-8D3B-284AEA710615}.Debug|Any CPU.ActiveCfg = Debug|Any CPU
		{F35153F6-3B92-4AF4-8D3B-284AEA710615}.Debug|Any CPU.Build.0 = Debug|Any CPU
		{F35153F6-3B92-4AF4-8D3B-284AEA710615}.Debug|Any CPU.Deploy.0 = Debug|Any CPU
		{F35153F6-3B92-4AF4-8D3B-284AEA710615}.Debug|ARM.ActiveCfg = Debug|Any CPU
		{F35153F6-3B92-4AF4-8D3B-284AEA710615}.Debug|ARM.Build.0 = Debug|Any CPU
		{F35153F6-3B92-4AF4-8D3B-284AEA710615}.Debug|ARM.Deploy.0 = Debug|Any CPU
		{F35153F6-3B92-4AF4-8D3B-284AEA710615}.Debug|ARM64.ActiveCfg = Debug|Any CPU
		{F35153F6-3B92-4AF4-8D3B-284AEA710615}.Debug|ARM64.Build.0 = Debug|Any CPU
		{F35153F6-3B92-4AF4-8D3B-284AEA710615}.Debug|iPhone.ActiveCfg = Debug|Any CPU
		{F35153F6-3B92-4AF4-8D3B-284AEA710615}.Debug|iPhone.Build.0 = Debug|Any CPU
		{F35153F6-3B92-4AF4-8D3B-284AEA710615}.Debug|iPhone.Deploy.0 = Debug|Any CPU
		{F35153F6-3B92-4AF4-8D3B-284AEA710615}.Debug|iPhoneSimulator.ActiveCfg = Debug|Any CPU
		{F35153F6-3B92-4AF4-8D3B-284AEA710615}.Debug|iPhoneSimulator.Build.0 = Debug|Any CPU
		{F35153F6-3B92-4AF4-8D3B-284AEA710615}.Debug|iPhoneSimulator.Deploy.0 = Debug|Any CPU
		{F35153F6-3B92-4AF4-8D3B-284AEA710615}.Debug|x64.ActiveCfg = Debug|Any CPU
		{F35153F6-3B92-4AF4-8D3B-284AEA710615}.Debug|x64.Build.0 = Debug|Any CPU
		{F35153F6-3B92-4AF4-8D3B-284AEA710615}.Debug|x64.Deploy.0 = Debug|Any CPU
		{F35153F6-3B92-4AF4-8D3B-284AEA710615}.Debug|x86.ActiveCfg = Debug|Any CPU
		{F35153F6-3B92-4AF4-8D3B-284AEA710615}.Debug|x86.Build.0 = Debug|Any CPU
		{F35153F6-3B92-4AF4-8D3B-284AEA710615}.Debug|x86.Deploy.0 = Debug|Any CPU
		{F35153F6-3B92-4AF4-8D3B-284AEA710615}.Release|Any CPU.ActiveCfg = Release|Any CPU
		{F35153F6-3B92-4AF4-8D3B-284AEA710615}.Release|Any CPU.Build.0 = Release|Any CPU
		{F35153F6-3B92-4AF4-8D3B-284AEA710615}.Release|Any CPU.Deploy.0 = Release|Any CPU
		{F35153F6-3B92-4AF4-8D3B-284AEA710615}.Release|ARM.ActiveCfg = Release|Any CPU
		{F35153F6-3B92-4AF4-8D3B-284AEA710615}.Release|ARM.Build.0 = Release|Any CPU
		{F35153F6-3B92-4AF4-8D3B-284AEA710615}.Release|ARM.Deploy.0 = Release|Any CPU
		{F35153F6-3B92-4AF4-8D3B-284AEA710615}.Release|ARM64.ActiveCfg = Release|Any CPU
		{F35153F6-3B92-4AF4-8D3B-284AEA710615}.Release|ARM64.Build.0 = Release|Any CPU
		{F35153F6-3B92-4AF4-8D3B-284AEA710615}.Release|iPhone.ActiveCfg = Release|Any CPU
		{F35153F6-3B92-4AF4-8D3B-284AEA710615}.Release|iPhone.Build.0 = Release|Any CPU
		{F35153F6-3B92-4AF4-8D3B-284AEA710615}.Release|iPhone.Deploy.0 = Release|Any CPU
		{F35153F6-3B92-4AF4-8D3B-284AEA710615}.Release|iPhoneSimulator.ActiveCfg = Release|Any CPU
		{F35153F6-3B92-4AF4-8D3B-284AEA710615}.Release|iPhoneSimulator.Build.0 = Release|Any CPU
		{F35153F6-3B92-4AF4-8D3B-284AEA710615}.Release|iPhoneSimulator.Deploy.0 = Release|Any CPU
		{F35153F6-3B92-4AF4-8D3B-284AEA710615}.Release|x64.ActiveCfg = Release|Any CPU
		{F35153F6-3B92-4AF4-8D3B-284AEA710615}.Release|x64.Build.0 = Release|Any CPU
		{F35153F6-3B92-4AF4-8D3B-284AEA710615}.Release|x64.Deploy.0 = Release|Any CPU
		{F35153F6-3B92-4AF4-8D3B-284AEA710615}.Release|x86.ActiveCfg = Release|Any CPU
		{F35153F6-3B92-4AF4-8D3B-284AEA710615}.Release|x86.Build.0 = Release|Any CPU
		{F35153F6-3B92-4AF4-8D3B-284AEA710615}.Release|x86.Deploy.0 = Release|Any CPU
		{12A004C5-12B3-4A5C-A3B9-1A3398B1C2ED}.Debug|Any CPU.ActiveCfg = Debug|Any CPU
		{12A004C5-12B3-4A5C-A3B9-1A3398B1C2ED}.Debug|Any CPU.Build.0 = Debug|Any CPU
		{12A004C5-12B3-4A5C-A3B9-1A3398B1C2ED}.Debug|ARM.ActiveCfg = Debug|Any CPU
		{12A004C5-12B3-4A5C-A3B9-1A3398B1C2ED}.Debug|ARM.Build.0 = Debug|Any CPU
		{12A004C5-12B3-4A5C-A3B9-1A3398B1C2ED}.Debug|ARM64.ActiveCfg = Debug|Any CPU
		{12A004C5-12B3-4A5C-A3B9-1A3398B1C2ED}.Debug|ARM64.Build.0 = Debug|Any CPU
		{12A004C5-12B3-4A5C-A3B9-1A3398B1C2ED}.Debug|iPhone.ActiveCfg = Debug|Any CPU
		{12A004C5-12B3-4A5C-A3B9-1A3398B1C2ED}.Debug|iPhone.Build.0 = Debug|Any CPU
		{12A004C5-12B3-4A5C-A3B9-1A3398B1C2ED}.Debug|iPhoneSimulator.ActiveCfg = Debug|Any CPU
		{12A004C5-12B3-4A5C-A3B9-1A3398B1C2ED}.Debug|iPhoneSimulator.Build.0 = Debug|Any CPU
		{12A004C5-12B3-4A5C-A3B9-1A3398B1C2ED}.Debug|x64.ActiveCfg = Debug|Any CPU
		{12A004C5-12B3-4A5C-A3B9-1A3398B1C2ED}.Debug|x64.Build.0 = Debug|Any CPU
		{12A004C5-12B3-4A5C-A3B9-1A3398B1C2ED}.Debug|x86.ActiveCfg = Debug|Any CPU
		{12A004C5-12B3-4A5C-A3B9-1A3398B1C2ED}.Debug|x86.Build.0 = Debug|Any CPU
		{12A004C5-12B3-4A5C-A3B9-1A3398B1C2ED}.Release|Any CPU.ActiveCfg = Release|Any CPU
		{12A004C5-12B3-4A5C-A3B9-1A3398B1C2ED}.Release|Any CPU.Build.0 = Release|Any CPU
		{12A004C5-12B3-4A5C-A3B9-1A3398B1C2ED}.Release|ARM.ActiveCfg = Release|Any CPU
		{12A004C5-12B3-4A5C-A3B9-1A3398B1C2ED}.Release|ARM.Build.0 = Release|Any CPU
		{12A004C5-12B3-4A5C-A3B9-1A3398B1C2ED}.Release|ARM64.ActiveCfg = Release|Any CPU
		{12A004C5-12B3-4A5C-A3B9-1A3398B1C2ED}.Release|ARM64.Build.0 = Release|Any CPU
		{12A004C5-12B3-4A5C-A3B9-1A3398B1C2ED}.Release|iPhone.ActiveCfg = Release|Any CPU
		{12A004C5-12B3-4A5C-A3B9-1A3398B1C2ED}.Release|iPhone.Build.0 = Release|Any CPU
		{12A004C5-12B3-4A5C-A3B9-1A3398B1C2ED}.Release|iPhoneSimulator.ActiveCfg = Release|Any CPU
		{12A004C5-12B3-4A5C-A3B9-1A3398B1C2ED}.Release|iPhoneSimulator.Build.0 = Release|Any CPU
		{12A004C5-12B3-4A5C-A3B9-1A3398B1C2ED}.Release|x64.ActiveCfg = Release|Any CPU
		{12A004C5-12B3-4A5C-A3B9-1A3398B1C2ED}.Release|x64.Build.0 = Release|Any CPU
		{12A004C5-12B3-4A5C-A3B9-1A3398B1C2ED}.Release|x86.ActiveCfg = Release|Any CPU
		{12A004C5-12B3-4A5C-A3B9-1A3398B1C2ED}.Release|x86.Build.0 = Release|Any CPU
		{E58BE648-F9A3-4692-8741-E7247AA6384B}.Debug|Any CPU.ActiveCfg = Debug|Any CPU
		{E58BE648-F9A3-4692-8741-E7247AA6384B}.Debug|Any CPU.Build.0 = Debug|Any CPU
		{E58BE648-F9A3-4692-8741-E7247AA6384B}.Debug|ARM.ActiveCfg = Debug|Any CPU
		{E58BE648-F9A3-4692-8741-E7247AA6384B}.Debug|ARM.Build.0 = Debug|Any CPU
		{E58BE648-F9A3-4692-8741-E7247AA6384B}.Debug|ARM64.ActiveCfg = Debug|Any CPU
		{E58BE648-F9A3-4692-8741-E7247AA6384B}.Debug|ARM64.Build.0 = Debug|Any CPU
		{E58BE648-F9A3-4692-8741-E7247AA6384B}.Debug|iPhone.ActiveCfg = Debug|Any CPU
		{E58BE648-F9A3-4692-8741-E7247AA6384B}.Debug|iPhone.Build.0 = Debug|Any CPU
		{E58BE648-F9A3-4692-8741-E7247AA6384B}.Debug|iPhoneSimulator.ActiveCfg = Debug|Any CPU
		{E58BE648-F9A3-4692-8741-E7247AA6384B}.Debug|iPhoneSimulator.Build.0 = Debug|Any CPU
		{E58BE648-F9A3-4692-8741-E7247AA6384B}.Debug|x64.ActiveCfg = Debug|Any CPU
		{E58BE648-F9A3-4692-8741-E7247AA6384B}.Debug|x64.Build.0 = Debug|Any CPU
		{E58BE648-F9A3-4692-8741-E7247AA6384B}.Debug|x86.ActiveCfg = Debug|Any CPU
		{E58BE648-F9A3-4692-8741-E7247AA6384B}.Debug|x86.Build.0 = Debug|Any CPU
		{E58BE648-F9A3-4692-8741-E7247AA6384B}.Release|Any CPU.ActiveCfg = Release|Any CPU
		{E58BE648-F9A3-4692-8741-E7247AA6384B}.Release|Any CPU.Build.0 = Release|Any CPU
		{E58BE648-F9A3-4692-8741-E7247AA6384B}.Release|ARM.ActiveCfg = Release|Any CPU
		{E58BE648-F9A3-4692-8741-E7247AA6384B}.Release|ARM.Build.0 = Release|Any CPU
		{E58BE648-F9A3-4692-8741-E7247AA6384B}.Release|ARM64.ActiveCfg = Release|Any CPU
		{E58BE648-F9A3-4692-8741-E7247AA6384B}.Release|ARM64.Build.0 = Release|Any CPU
		{E58BE648-F9A3-4692-8741-E7247AA6384B}.Release|iPhone.ActiveCfg = Release|Any CPU
		{E58BE648-F9A3-4692-8741-E7247AA6384B}.Release|iPhone.Build.0 = Release|Any CPU
		{E58BE648-F9A3-4692-8741-E7247AA6384B}.Release|iPhoneSimulator.ActiveCfg = Release|Any CPU
		{E58BE648-F9A3-4692-8741-E7247AA6384B}.Release|iPhoneSimulator.Build.0 = Release|Any CPU
		{E58BE648-F9A3-4692-8741-E7247AA6384B}.Release|x64.ActiveCfg = Release|Any CPU
		{E58BE648-F9A3-4692-8741-E7247AA6384B}.Release|x64.Build.0 = Release|Any CPU
		{E58BE648-F9A3-4692-8741-E7247AA6384B}.Release|x86.ActiveCfg = Release|Any CPU
		{E58BE648-F9A3-4692-8741-E7247AA6384B}.Release|x86.Build.0 = Release|Any CPU
		{36DD2AF0-B61F-4280-ABC1-76DA29B015B4}.Debug|Any CPU.ActiveCfg = Debug|Any CPU
		{36DD2AF0-B61F-4280-ABC1-76DA29B015B4}.Debug|Any CPU.Build.0 = Debug|Any CPU
		{36DD2AF0-B61F-4280-ABC1-76DA29B015B4}.Debug|ARM.ActiveCfg = Debug|Any CPU
		{36DD2AF0-B61F-4280-ABC1-76DA29B015B4}.Debug|ARM.Build.0 = Debug|Any CPU
		{36DD2AF0-B61F-4280-ABC1-76DA29B015B4}.Debug|ARM64.ActiveCfg = Debug|Any CPU
		{36DD2AF0-B61F-4280-ABC1-76DA29B015B4}.Debug|ARM64.Build.0 = Debug|Any CPU
		{36DD2AF0-B61F-4280-ABC1-76DA29B015B4}.Debug|iPhone.ActiveCfg = Debug|Any CPU
		{36DD2AF0-B61F-4280-ABC1-76DA29B015B4}.Debug|iPhone.Build.0 = Debug|Any CPU
		{36DD2AF0-B61F-4280-ABC1-76DA29B015B4}.Debug|iPhoneSimulator.ActiveCfg = Debug|Any CPU
		{36DD2AF0-B61F-4280-ABC1-76DA29B015B4}.Debug|iPhoneSimulator.Build.0 = Debug|Any CPU
		{36DD2AF0-B61F-4280-ABC1-76DA29B015B4}.Debug|x64.ActiveCfg = Debug|Any CPU
		{36DD2AF0-B61F-4280-ABC1-76DA29B015B4}.Debug|x64.Build.0 = Debug|Any CPU
		{36DD2AF0-B61F-4280-ABC1-76DA29B015B4}.Debug|x86.ActiveCfg = Debug|Any CPU
		{36DD2AF0-B61F-4280-ABC1-76DA29B015B4}.Debug|x86.Build.0 = Debug|Any CPU
		{36DD2AF0-B61F-4280-ABC1-76DA29B015B4}.Release|Any CPU.ActiveCfg = Release|Any CPU
		{36DD2AF0-B61F-4280-ABC1-76DA29B015B4}.Release|Any CPU.Build.0 = Release|Any CPU
		{36DD2AF0-B61F-4280-ABC1-76DA29B015B4}.Release|ARM.ActiveCfg = Release|Any CPU
		{36DD2AF0-B61F-4280-ABC1-76DA29B015B4}.Release|ARM.Build.0 = Release|Any CPU
		{36DD2AF0-B61F-4280-ABC1-76DA29B015B4}.Release|ARM64.ActiveCfg = Release|Any CPU
		{36DD2AF0-B61F-4280-ABC1-76DA29B015B4}.Release|ARM64.Build.0 = Release|Any CPU
		{36DD2AF0-B61F-4280-ABC1-76DA29B015B4}.Release|iPhone.ActiveCfg = Release|Any CPU
		{36DD2AF0-B61F-4280-ABC1-76DA29B015B4}.Release|iPhone.Build.0 = Release|Any CPU
		{36DD2AF0-B61F-4280-ABC1-76DA29B015B4}.Release|iPhoneSimulator.ActiveCfg = Release|Any CPU
		{36DD2AF0-B61F-4280-ABC1-76DA29B015B4}.Release|iPhoneSimulator.Build.0 = Release|Any CPU
		{36DD2AF0-B61F-4280-ABC1-76DA29B015B4}.Release|x64.ActiveCfg = Release|Any CPU
		{36DD2AF0-B61F-4280-ABC1-76DA29B015B4}.Release|x64.Build.0 = Release|Any CPU
		{36DD2AF0-B61F-4280-ABC1-76DA29B015B4}.Release|x86.ActiveCfg = Release|Any CPU
		{36DD2AF0-B61F-4280-ABC1-76DA29B015B4}.Release|x86.Build.0 = Release|Any CPU
		{10CDF741-66B1-4489-938C-57EFFE3D80B0}.Debug|Any CPU.ActiveCfg = Debug|Any CPU
		{10CDF741-66B1-4489-938C-57EFFE3D80B0}.Debug|Any CPU.Build.0 = Debug|Any CPU
		{10CDF741-66B1-4489-938C-57EFFE3D80B0}.Debug|ARM.ActiveCfg = Debug|Any CPU
		{10CDF741-66B1-4489-938C-57EFFE3D80B0}.Debug|ARM.Build.0 = Debug|Any CPU
		{10CDF741-66B1-4489-938C-57EFFE3D80B0}.Debug|ARM64.ActiveCfg = Debug|Any CPU
		{10CDF741-66B1-4489-938C-57EFFE3D80B0}.Debug|ARM64.Build.0 = Debug|Any CPU
		{10CDF741-66B1-4489-938C-57EFFE3D80B0}.Debug|iPhone.ActiveCfg = Debug|Any CPU
		{10CDF741-66B1-4489-938C-57EFFE3D80B0}.Debug|iPhone.Build.0 = Debug|Any CPU
		{10CDF741-66B1-4489-938C-57EFFE3D80B0}.Debug|iPhoneSimulator.ActiveCfg = Debug|Any CPU
		{10CDF741-66B1-4489-938C-57EFFE3D80B0}.Debug|iPhoneSimulator.Build.0 = Debug|Any CPU
		{10CDF741-66B1-4489-938C-57EFFE3D80B0}.Debug|x64.ActiveCfg = Debug|Any CPU
		{10CDF741-66B1-4489-938C-57EFFE3D80B0}.Debug|x64.Build.0 = Debug|Any CPU
		{10CDF741-66B1-4489-938C-57EFFE3D80B0}.Debug|x86.ActiveCfg = Debug|Any CPU
		{10CDF741-66B1-4489-938C-57EFFE3D80B0}.Debug|x86.Build.0 = Debug|Any CPU
		{10CDF741-66B1-4489-938C-57EFFE3D80B0}.Release|Any CPU.ActiveCfg = Release|Any CPU
		{10CDF741-66B1-4489-938C-57EFFE3D80B0}.Release|Any CPU.Build.0 = Release|Any CPU
		{10CDF741-66B1-4489-938C-57EFFE3D80B0}.Release|ARM.ActiveCfg = Release|Any CPU
		{10CDF741-66B1-4489-938C-57EFFE3D80B0}.Release|ARM.Build.0 = Release|Any CPU
		{10CDF741-66B1-4489-938C-57EFFE3D80B0}.Release|ARM64.ActiveCfg = Release|Any CPU
		{10CDF741-66B1-4489-938C-57EFFE3D80B0}.Release|ARM64.Build.0 = Release|Any CPU
		{10CDF741-66B1-4489-938C-57EFFE3D80B0}.Release|iPhone.ActiveCfg = Release|Any CPU
		{10CDF741-66B1-4489-938C-57EFFE3D80B0}.Release|iPhone.Build.0 = Release|Any CPU
		{10CDF741-66B1-4489-938C-57EFFE3D80B0}.Release|iPhoneSimulator.ActiveCfg = Release|Any CPU
		{10CDF741-66B1-4489-938C-57EFFE3D80B0}.Release|iPhoneSimulator.Build.0 = Release|Any CPU
		{10CDF741-66B1-4489-938C-57EFFE3D80B0}.Release|x64.ActiveCfg = Release|Any CPU
		{10CDF741-66B1-4489-938C-57EFFE3D80B0}.Release|x64.Build.0 = Release|Any CPU
		{10CDF741-66B1-4489-938C-57EFFE3D80B0}.Release|x86.ActiveCfg = Release|Any CPU
		{10CDF741-66B1-4489-938C-57EFFE3D80B0}.Release|x86.Build.0 = Release|Any CPU
	EndGlobalSection
	GlobalSection(SolutionProperties) = preSolution
		HideSolutionNode = FALSE
	EndGlobalSection
	GlobalSection(ExtensibilityGlobals) = postSolution
		SolutionGuid = {F9916DAC-1460-45B6-B7FC-BC8E737D4DE2}
	EndGlobalSection
EndGlobal
